<?xml version="1.0" encoding="utf-8"?>
<Project ToolsVersion="15.0" xmlns="http://schemas.microsoft.com/developer/msbuild/2003">
  <ItemGroup>
    <ClCompile Include="C:\Users\sunyi\source\repos\cuLines\small-doo-source\main.cpp">
      <Filter>Source Files</Filter>
    </ClCompile>
  </ItemGroup>
  <ItemGroup>
    <ClInclude Include="C:\Users\sunyi\source\repos\cuLines\small-doo-source\camera.hpp">
      <Filter>Header Files</Filter>
    </ClInclude>
    <ClInclude Include="C:\Users\sunyi\source\repos\cuLines\small-doo-source\cbuffer.hpp">
      <Filter>Header Files</Filter>
    </ClInclude>
    <ClInclude Include="C:\Users\sunyi\source\repos\cuLines\small-doo-source\d3d.hpp">
      <Filter>Header Files</Filter>
    </ClInclude>
    <ClInclude Include="C:\Users\sunyi\source\repos\cuLines\small-doo-source\lines.hpp">
      <Filter>Header Files</Filter>
    </ClInclude>
    <ClInclude Include="C:\Users\sunyi\source\repos\cuLines\small-doo-source\math.hpp">
      <Filter>Header Files</Filter>
    </ClInclude>
    <ClInclude Include="C:\Users\sunyi\source\repos\cuLines\small-doo-source\renderer.hpp">
      <Filter>Header Files</Filter>
    </ClInclude>
  </ItemGroup>
  <ItemGroup>
    <CustomBuild Include="C:\Users\sunyi\source\repos\cuLines\small-doo-source\shader_MinGather_LowRes.hlsl" />
    <CustomBuild Include="C:\Users\sunyi\source\repos\cuLines\small-doo-source\shader_RenderFragments.hlsl" />
    <CustomBuild Include="C:\Users\sunyi\source\repos\cuLines\small-doo-source\shader_SortFragments_LowRes.hlsl" />
    <CustomBuild Include="C:\Users\sunyi\source\repos\cuLines\small-doo-source\shader_SortFragments.hlsl" />
    <CustomBuild Include="C:\Users\sunyi\source\repos\cuLines\small-doo-source\shader_CreateLists_HQ.hlsl" />
    <CustomBuild Include="C:\Users\sunyi\source\repos\cuLines\small-doo-source\shader_CreateLists_LowRes.hlsl" />
    <CustomBuild Include="C:\Users\sunyi\source\repos\cuLines\small-doo-source\shader_FadeToAlphaPerVertex.hlsl" />
    <CustomBuild Include="C:\Users\sunyi\source\repos\cuLines\small-doo-source\shader_SmoothAlpha.hlsl" />
    <CustomBuild Include="C:\Users\sunyi\source\repos\cuLines\small-doo-source\data\heli.obj">
      <Filter>Object Files</Filter>
    </CustomBuild>
    <CustomBuild Include="C:\Users\sunyi\source\repos\cuLines\small-doo-source\data\rings.obj">
      <Filter>Object Files</Filter>
    </CustomBuild>
    <CustomBuild Include="C:\Users\sunyi\source\repos\cuLines\small-doo-source\data\tornado.obj">
      <Filter>Object Files</Filter>
    </CustomBuild>
    <CustomBuild Include="C:\Users\sunyi\source\repos\cuLines\small-doo-source\CMakeLists.txt" />
  </ItemGroup>
  <ItemGroup>
    <None Include="C:\Users\sunyi\source\repos\cuLines\small-doo-source\shader_Common.hlsli" />
  </ItemGroup>
  <ItemGroup>
    <Filter Include="Header Files">
      <UniqueIdentifier>{6B93DBE3-355F-3B86-9F9B-3D540AC4A154}</UniqueIdentifier>
    </Filter>
    <Filter Include="Object Files">
      <UniqueIdentifier>{DE8614EB-5D11-366C-BA5C-AB88583A1D39}</UniqueIdentifier>
    </Filter>
    <Filter Include="Source Files">
      <UniqueIdentifier>{23D9B617-E644-3AB8-9E1A-FF9BE32CAAF4}</UniqueIdentifier>
    </Filter>
  </ItemGroup>
</Project>
