Microsoft Visual Studio Solution File, Format Version 12.00
# Visual Studio 15
Project("{8BC9CEB8-8B4A-11D0-8D11-00A0C91BC942}") = "ALL_BUILD", "ALL_BUILD.vcxproj", "{92AB5218-4B32-3850-AEA2-93EC92E1CF55}"
	ProjectSection(ProjectDependencies) = postProject
		{F78288D6-0AD8-38C1-BA6D-DFA6A6AD0E42} = {F78288D6-0AD8-38C1-BA6D-DFA6A6AD0E42}
		{F2BD348A-B3AF-351C-B5EC-E3E310753ECE} = {F2BD348A-B3AF-351C-B5EC-E3E310753ECE}
	EndProjectSection
EndProject
Project("{8BC9CEB8-8B4A-11D0-8D11-00A0C91BC942}") = "ZERO_CHECK", "ZERO_CHECK.vcxproj", "{F78288D6-0AD8-38C1-BA6D-DFA6A6AD0E42}"
	ProjectSection(ProjectDependencies) = postProject
	EndProjectSection
EndProject
Project("{8BC9CEB8-8B4A-11D0-8D11-00A0C91BC942}") = "small_doo", "small_doo.vcxproj", "{F2BD348A-B3AF-351C-B5EC-E3E310753ECE}"
	ProjectSection(ProjectDependencies) = postProject
		{F78288D6-0AD8-38C1-BA6D-DFA6A6AD0E42} = {F78288D6-0AD8-38C1-BA6D-DFA6A6AD0E42}
	EndProjectSection
EndProject
Global
	GlobalSection(SolutionConfigurationPlatforms) = preSolution
		Debug|x64 = Debug|x64
		Release|x64 = Release|x64
		MinSizeRel|x64 = MinSizeRel|x64
		RelWithDebInfo|x64 = RelWithDebInfo|x64
	EndGlobalSection
	GlobalSection(ProjectConfigurationPlatforms) = postSolution
		{92AB5218-4B32-3850-AEA2-93EC92E1CF55}.Debug|x64.ActiveCfg = Debug|x64
		{92AB5218-4B32-3850-AEA2-93EC92E1CF55}.Release|x64.ActiveCfg = Release|x64
		{92AB5218-4B32-3850-AEA2-93EC92E1CF55}.MinSizeRel|x64.ActiveCfg = MinSizeRel|x64
		{92AB5218-4B32-3850-AEA2-93EC92E1CF55}.RelWithDebInfo|x64.ActiveCfg = RelWithDebInfo|x64
		{F78288D6-0AD8-38C1-BA6D-DFA6A6AD0E42}.Debug|x64.ActiveCfg = Debug|x64
		{F78288D6-0AD8-38C1-BA6D-DFA6A6AD0E42}.Debug|x64.Build.0 = Debug|x64
		{F78288D6-0AD8-38C1-BA6D-DFA6A6AD0E42}.Release|x64.ActiveCfg = Release|x64
		{F78288D6-0AD8-38C1-BA6D-DFA6A6AD0E42}.Release|x64.Build.0 = Release|x64
		{F78288D6-0AD8-38C1-BA6D-DFA6A6AD0E42}.MinSizeRel|x64.ActiveCfg = MinSizeRel|x64
		{F78288D6-0AD8-38C1-BA6D-DFA6A6AD0E42}.MinSizeRel|x64.Build.0 = MinSizeRel|x64
		{F78288D6-0AD8-38C1-BA6D-DFA6A6AD0E42}.RelWithDebInfo|x64.ActiveCfg = RelWithDebInfo|x64
		{F78288D6-0AD8-38C1-BA6D-DFA6A6AD0E42}.RelWithDebInfo|x64.Build.0 = RelWithDebInfo|x64
		{F2BD348A-B3AF-351C-B5EC-E3E310753ECE}.Debug|x64.ActiveCfg = Debug|x64
		{F2BD348A-B3AF-351C-B5EC-E3E310753ECE}.Debug|x64.Build.0 = Debug|x64
		{F2BD348A-B3AF-351C-B5EC-E3E310753ECE}.Release|x64.ActiveCfg = Release|x64
		{F2BD348A-B3AF-351C-B5EC-E3E310753ECE}.Release|x64.Build.0 = Release|x64
		{F2BD348A-B3AF-351C-B5EC-E3E310753ECE}.MinSizeRel|x64.ActiveCfg = MinSizeRel|x64
		{F2BD348A-B3AF-351C-B5EC-E3E310753ECE}.MinSizeRel|x64.Build.0 = MinSizeRel|x64
		{F2BD348A-B3AF-351C-B5EC-E3E310753ECE}.RelWithDebInfo|x64.ActiveCfg = RelWithDebInfo|x64
		{F2BD348A-B3AF-351C-B5EC-E3E310753ECE}.RelWithDebInfo|x64.Build.0 = RelWithDebInfo|x64
	EndGlobalSection
	GlobalSection(ExtensibilityGlobals) = postSolution
		SolutionGuid = {591FF7F8-5561-385A-AECD-6BC1EE0A2D07}
	EndGlobalSection
	GlobalSection(ExtensibilityAddIns) = postSolution
	EndGlobalSection
EndGlobal
