<?xml version="1.0" encoding="UTF-8"?>
<Project ToolsVersion="15.0" xmlns="http://schemas.microsoft.com/developer/msbuild/2003">
  <ItemGroup>
    <ClCompile Include="C:\Users\chengluyu\Developer\cuLines\small-doo-source\main.cpp">
      <Filter>Source Files</Filter>
    </ClCompile>
  </ItemGroup>
  <ItemGroup>
    <ClInclude Include="C:\Users\chengluyu\Developer\cuLines\small-doo-source\camera.hpp">
      <Filter>Header Files</Filter>
    </ClInclude>
    <ClInclude Include="C:\Users\chengluyu\Developer\cuLines\small-doo-source\cbuffer.hpp">
      <Filter>Header Files</Filter>
    </ClInclude>
    <ClInclude Include="C:\Users\chengluyu\Developer\cuLines\small-doo-source\d3d.hpp">
      <Filter>Header Files</Filter>
    </ClInclude>
    <ClInclude Include="C:\Users\chengluyu\Developer\cuLines\small-doo-source\lines.hpp">
      <Filter>Header Files</Filter>
    </ClInclude>
    <ClInclude Include="C:\Users\chengluyu\Developer\cuLines\small-doo-source\math.hpp">
      <Filter>Header Files</Filter>
    </ClInclude>
    <ClInclude Include="C:\Users\chengluyu\Developer\cuLines\small-doo-source\renderer.hpp">
      <Filter>Header Files</Filter>
    </ClInclude>
  </ItemGroup>
  <ItemGroup>
    <CustomBuild Include="C:\Users\chengluyu\Developer\cuLines\small-doo-source\shader_MinGather_LowRes.hlsl" />
    <CustomBuild Include="C:\Users\chengluyu\Developer\cuLines\small-doo-source\shader_RenderFragments.hlsl" />
    <CustomBuild Include="C:\Users\chengluyu\Developer\cuLines\small-doo-source\shader_SortFragments_LowRes.hlsl" />
    <CustomBuild Include="C:\Users\chengluyu\Developer\cuLines\small-doo-source\shader_SortFragments.hlsl" />
    <CustomBuild Include="C:\Users\chengluyu\Developer\cuLines\small-doo-source\shader_CreateLists_HQ.hlsl" />
    <CustomBuild Include="C:\Users\chengluyu\Developer\cuLines\small-doo-source\shader_CreateLists_LowRes.hlsl" />
    <CustomBuild Include="C:\Users\chengluyu\Developer\cuLines\small-doo-source\shader_FadeToAlphaPerVertex.hlsl" />
    <CustomBuild Include="C:\Users\chengluyu\Developer\cuLines\small-doo-source\shader_SmoothAlpha.hlsl" />
    <CustomBuild Include="C:\Users\chengluyu\Developer\cuLines\small-doo-source\data\heli.obj">
      <Filter>Object Files</Filter>
    </CustomBuild>
    <CustomBuild Include="C:\Users\chengluyu\Developer\cuLines\small-doo-source\data\rings.obj">
      <Filter>Object Files</Filter>
    </CustomBuild>
    <CustomBuild Include="C:\Users\chengluyu\Developer\cuLines\small-doo-source\data\tornado.obj">
      <Filter>Object Files</Filter>
    </CustomBuild>
    <CustomBuild Include="C:\Users\chengluyu\Developer\cuLines\small-doo-source\CMakeLists.txt" />
  </ItemGroup>
  <ItemGroup>
    <None Include="C:\Users\chengluyu\Developer\cuLines\small-doo-source\shader_Common.hlsli" />
  </ItemGroup>
  <ItemGroup>
    <Filter Include="Source Files">
      <UniqueIdentifier>{312227EB-4AE6-3ABF-BD1E-A5689AED639B}</UniqueIdentifier>
    </Filter>
    <Filter Include="Header Files">
      <UniqueIdentifier>{E2CB176B-E083-3ECB-9FC7-77E6FFD7499A}</UniqueIdentifier>
    </Filter>
    <Filter Include="Object Files">
      <UniqueIdentifier>{0BCE39C2-5E92-394A-AC28-DF88AAEF3E57}</UniqueIdentifier>
    </Filter>
  </ItemGroup>
</Project>
