Microsoft Visual Studio Solution File, Format Version 12.00
# Visual Studio 15
Project("{8BC9CEB8-8B4A-11D0-8D11-00A0C91BC942}") = "ALL_BUILD", "ALL_BUILD.vcxproj", "{213DA885-3241-33DD-B876-05E920A06AC0}"
	ProjectSection(ProjectDependencies) = postProject
		{3FA30D8A-4836-3BBF-BA11-28CB24600AA7} = {3FA30D8A-4836-3BBF-BA11-28CB24600AA7}
		{C3AE68EB-F743-3D75-9EC5-CF98CC57FDF8} = {C3AE68EB-F743-3D75-9EC5-CF98CC57FDF8}
	EndProjectSection
EndProject
Project("{8BC9CEB8-8B4A-11D0-8D11-00A0C91BC942}") = "ZERO_CHECK", "ZERO_CHECK.vcxproj", "{3FA30D8A-4836-3BBF-BA11-28CB24600AA7}"
	ProjectSection(ProjectDependencies) = postProject
	EndProjectSection
EndProject
Project("{8BC9CEB8-8B4A-11D0-8D11-00A0C91BC942}") = "small_doo", "small_doo.vcxproj", "{C3AE68EB-F743-3D75-9EC5-CF98CC57FDF8}"
	ProjectSection(ProjectDependencies) = postProject
		{3FA30D8A-4836-3BBF-BA11-28CB24600AA7} = {3FA30D8A-4836-3BBF-BA11-28CB24600AA7}
	EndProjectSection
EndProject
Global
	GlobalSection(SolutionConfigurationPlatforms) = preSolution
		Debug|x64 = Debug|x64
		Release|x64 = Release|x64
		MinSizeRel|x64 = MinSizeRel|x64
		RelWithDebInfo|x64 = RelWithDebInfo|x64
	EndGlobalSection
	GlobalSection(ProjectConfigurationPlatforms) = postSolution
		{213DA885-3241-33DD-B876-05E920A06AC0}.Debug|x64.ActiveCfg = Debug|x64
		{213DA885-3241-33DD-B876-05E920A06AC0}.Release|x64.ActiveCfg = Release|x64
		{213DA885-3241-33DD-B876-05E920A06AC0}.MinSizeRel|x64.ActiveCfg = MinSizeRel|x64
		{213DA885-3241-33DD-B876-05E920A06AC0}.RelWithDebInfo|x64.ActiveCfg = RelWithDebInfo|x64
		{3FA30D8A-4836-3BBF-BA11-28CB24600AA7}.Debug|x64.ActiveCfg = Debug|x64
		{3FA30D8A-4836-3BBF-BA11-28CB24600AA7}.Debug|x64.Build.0 = Debug|x64
		{3FA30D8A-4836-3BBF-BA11-28CB24600AA7}.Release|x64.ActiveCfg = Release|x64
		{3FA30D8A-4836-3BBF-BA11-28CB24600AA7}.Release|x64.Build.0 = Release|x64
		{3FA30D8A-4836-3BBF-BA11-28CB24600AA7}.MinSizeRel|x64.ActiveCfg = MinSizeRel|x64
		{3FA30D8A-4836-3BBF-BA11-28CB24600AA7}.MinSizeRel|x64.Build.0 = MinSizeRel|x64
		{3FA30D8A-4836-3BBF-BA11-28CB24600AA7}.RelWithDebInfo|x64.ActiveCfg = RelWithDebInfo|x64
		{3FA30D8A-4836-3BBF-BA11-28CB24600AA7}.RelWithDebInfo|x64.Build.0 = RelWithDebInfo|x64
		{C3AE68EB-F743-3D75-9EC5-CF98CC57FDF8}.Debug|x64.ActiveCfg = Debug|x64
		{C3AE68EB-F743-3D75-9EC5-CF98CC57FDF8}.Debug|x64.Build.0 = Debug|x64
		{C3AE68EB-F743-3D75-9EC5-CF98CC57FDF8}.Release|x64.ActiveCfg = Release|x64
		{C3AE68EB-F743-3D75-9EC5-CF98CC57FDF8}.Release|x64.Build.0 = Release|x64
		{C3AE68EB-F743-3D75-9EC5-CF98CC57FDF8}.MinSizeRel|x64.ActiveCfg = MinSizeRel|x64
		{C3AE68EB-F743-3D75-9EC5-CF98CC57FDF8}.MinSizeRel|x64.Build.0 = MinSizeRel|x64
		{C3AE68EB-F743-3D75-9EC5-CF98CC57FDF8}.RelWithDebInfo|x64.ActiveCfg = RelWithDebInfo|x64
		{C3AE68EB-F743-3D75-9EC5-CF98CC57FDF8}.RelWithDebInfo|x64.Build.0 = RelWithDebInfo|x64
	EndGlobalSection
	GlobalSection(ExtensibilityGlobals) = postSolution
		SolutionGuid = {DDB75289-4DC8-3AC7-9D97-EDB6C872A0B8}
	EndGlobalSection
	GlobalSection(ExtensibilityAddIns) = postSolution
	EndGlobalSection
EndGlobal
