
Microsoft Visual Studio Solution File, Format Version 12.00
# Visual Studio 15
VisualStudioVersion = 15.0.27130.2026
MinimumVisualStudioVersion = 10.0.40219.1
Project("{8BC9CEB8-8B4A-11D0-8D11-00A0C91BC942}") = "cuLines", "cuLines\cuLines.vcxproj", "{5D8F5F3F-2714-4ABF-8763-5E8A6C5D7818}"
	ProjectSection(ProjectDependencies) = postProject
		{EC311B7F-7B3B-41A7-82A1-EDD488C6B0DE} = {EC311B7F-7B3B-41A7-82A1-EDD488C6B0DE}
	EndProjectSection
EndProject
Project("{8BC9CEB8-8B4A-11D0-8D11-00A0C91BC942}") = "FileIO", "FileIO\FileIO.vcxproj", "{EC311B7F-7B3B-41A7-82A1-EDD488C6B0DE}"
EndProject
Project("{8BC9CEB8-8B4A-11D0-8D11-00A0C91BC942}") = "BSLReader", "BSLReader\BSLReader.vcxproj", "{EEDA2ED5-DD9D-4529-AAE9-003DCFEB3441}"
	ProjectSection(ProjectDependencies) = postProject
		{EC311B7F-7B3B-41A7-82A1-EDD488C6B0DE} = {EC311B7F-7B3B-41A7-82A1-EDD488C6B0DE}
	EndProjectSection
EndProject
Project("{8BC9CEB8-8B4A-11D0-8D11-00A0C91BC942}") = "BatchCVT", "BatchCVT\BatchCVT.vcxproj", "{7CE8442E-673E-4E04-8A3C-DD0E409601D2}"
	ProjectSection(ProjectDependencies) = postProject
		{EC311B7F-7B3B-41A7-82A1-EDD488C6B0DE} = {EC311B7F-7B3B-41A7-82A1-EDD488C6B0DE}
	EndProjectSection
EndProject
Project("{8BC9CEB8-8B4A-11D0-8D11-00A0C91BC942}") = "LiNE", "LiNE\LiNE.vcxproj", "{4F0582EB-1AF8-4FF8-91E7-DD28452D3269}"
EndProject
Project("{2150E333-8FDC-42A3-9474-1A3956D46DE8}") = "Solution Items", "Solution Items", "{BB0B4A17-E6C5-49AD-9533-9515BD849475}"
	ProjectSection(SolutionItems) = preProject
		Performance1.psess = Performance1.psess
		Performance2.psess = Performance2.psess
		Performance3.psess = Performance3.psess
	EndProjectSection
EndProject
Project("{8BC9CEB8-8B4A-11D0-8D11-00A0C91BC942}") = "UIBridge", "UIBridge\UIBridge.vcxproj", "{5C72C4B4-C9BA-4085-B538-2DB99FE8E66C}"
	ProjectSection(ProjectDependencies) = postProject
		{5D8F5F3F-2714-4ABF-8763-5E8A6C5D7818} = {5D8F5F3F-2714-4ABF-8763-5E8A6C5D7818}
		{EC311B7F-7B3B-41A7-82A1-EDD488C6B0DE} = {EC311B7F-7B3B-41A7-82A1-EDD488C6B0DE}
	EndProjectSection
EndProject
Project("{8BC9CEB8-8B4A-11D0-8D11-00A0C91BC942}") = "FlowVisualization", "FlowVisualization\FlowVisualization.vcxproj", "{77A5A6A4-8332-3852-9737-532C951365A7}"
	ProjectSection(ProjectDependencies) = postProject
		{5D8F5F3F-2714-4ABF-8763-5E8A6C5D7818} = {5D8F5F3F-2714-4ABF-8763-5E8A6C5D7818}
		{EC311B7F-7B3B-41A7-82A1-EDD488C6B0DE} = {EC311B7F-7B3B-41A7-82A1-EDD488C6B0DE}
		{5C72C4B4-C9BA-4085-B538-2DB99FE8E66C} = {5C72C4B4-C9BA-4085-B538-2DB99FE8E66C}
	EndProjectSection
EndProject
Project("{8BC9CEB8-8B4A-11D0-8D11-00A0C91BC942}") = "LineAOR", "LineAOR\LineAOR.vcxproj", "{C27B94B8-F1E2-4A0C-9B87-9808A3A21F29}"
	ProjectSection(ProjectDependencies) = postProject
		{5D8F5F3F-2714-4ABF-8763-5E8A6C5D7818} = {5D8F5F3F-2714-4ABF-8763-5E8A6C5D7818}
		{EC311B7F-7B3B-41A7-82A1-EDD488C6B0DE} = {EC311B7F-7B3B-41A7-82A1-EDD488C6B0DE}
		{5C72C4B4-C9BA-4085-B538-2DB99FE8E66C} = {5C72C4B4-C9BA-4085-B538-2DB99FE8E66C}
	EndProjectSection
EndProject
Project("{8BC9CEB8-8B4A-11D0-8D11-00A0C91BC942}") = "Seeding3D", "Seeding3D\Project2\Project2.vcxproj", "{1E3A98C0-4F83-4121-8479-0AB6C58311C1}"
	ProjectSection(ProjectDependencies) = postProject
		{5D8F5F3F-2714-4ABF-8763-5E8A6C5D7818} = {5D8F5F3F-2714-4ABF-8763-5E8A6C5D7818}
		{EC311B7F-7B3B-41A7-82A1-EDD488C6B0DE} = {EC311B7F-7B3B-41A7-82A1-EDD488C6B0DE}
	EndProjectSection
EndProject
Global
	GlobalSection(Performance) = preSolution
		HasPerformanceSessions = true
	EndGlobalSection
	GlobalSection(SolutionConfigurationPlatforms) = preSolution
		Debug_from_release|x64 = Debug_from_release|x64
		Debug_from_release|x86 = Debug_from_release|x86
		Debug|x64 = Debug|x64
		Debug|x86 = Debug|x86
		Debuggable|x64 = Debuggable|x64
		Debuggable|x86 = Debuggable|x86
		MinSizeRel|x64 = MinSizeRel|x64
		MinSizeRel|x86 = MinSizeRel|x86
		release_to_debug|x64 = release_to_debug|x64
		release_to_debug|x86 = release_to_debug|x86
		Release|x64 = Release|x64
		Release|x86 = Release|x86
		Releasing|x64 = Releasing|x64
		Releasing|x86 = Releasing|x86
		RelWithDebInfo|x64 = RelWithDebInfo|x64
		RelWithDebInfo|x86 = RelWithDebInfo|x86
	EndGlobalSection
	GlobalSection(ProjectConfigurationPlatforms) = postSolution
		{5D8F5F3F-2714-4ABF-8763-5E8A6C5D7818}.Debug_from_release|x64.ActiveCfg = Debug|x64
		{5D8F5F3F-2714-4ABF-8763-5E8A6C5D7818}.Debug_from_release|x64.Build.0 = Debug|x64
		{5D8F5F3F-2714-4ABF-8763-5E8A6C5D7818}.Debug_from_release|x86.ActiveCfg = Debug|Win32
		{5D8F5F3F-2714-4ABF-8763-5E8A6C5D7818}.Debug_from_release|x86.Build.0 = Debug|Win32
		{5D8F5F3F-2714-4ABF-8763-5E8A6C5D7818}.Debug|x64.ActiveCfg = Debug|x64
		{5D8F5F3F-2714-4ABF-8763-5E8A6C5D7818}.Debug|x64.Build.0 = Debug|x64
		{5D8F5F3F-2714-4ABF-8763-5E8A6C5D7818}.Debug|x86.ActiveCfg = Debug|Win32
		{5D8F5F3F-2714-4ABF-8763-5E8A6C5D7818}.Debug|x86.Build.0 = Debug|Win32
		{5D8F5F3F-2714-4ABF-8763-5E8A6C5D7818}.Debuggable|x64.ActiveCfg = Debug|x64
		{5D8F5F3F-2714-4ABF-8763-5E8A6C5D7818}.Debuggable|x64.Build.0 = Debug|x64
		{5D8F5F3F-2714-4ABF-8763-5E8A6C5D7818}.Debuggable|x86.ActiveCfg = Debug|Win32
		{5D8F5F3F-2714-4ABF-8763-5E8A6C5D7818}.Debuggable|x86.Build.0 = Debug|Win32
		{5D8F5F3F-2714-4ABF-8763-5E8A6C5D7818}.MinSizeRel|x64.ActiveCfg = Release|x64
		{5D8F5F3F-2714-4ABF-8763-5E8A6C5D7818}.MinSizeRel|x64.Build.0 = Release|x64
		{5D8F5F3F-2714-4ABF-8763-5E8A6C5D7818}.MinSizeRel|x86.ActiveCfg = Release|Win32
		{5D8F5F3F-2714-4ABF-8763-5E8A6C5D7818}.MinSizeRel|x86.Build.0 = Release|Win32
		{5D8F5F3F-2714-4ABF-8763-5E8A6C5D7818}.release_to_debug|x64.ActiveCfg = Release|x64
		{5D8F5F3F-2714-4ABF-8763-5E8A6C5D7818}.release_to_debug|x64.Build.0 = Release|x64
		{5D8F5F3F-2714-4ABF-8763-5E8A6C5D7818}.release_to_debug|x86.ActiveCfg = Release|Win32
		{5D8F5F3F-2714-4ABF-8763-5E8A6C5D7818}.release_to_debug|x86.Build.0 = Release|Win32
		{5D8F5F3F-2714-4ABF-8763-5E8A6C5D7818}.Release|x64.ActiveCfg = Release|x64
		{5D8F5F3F-2714-4ABF-8763-5E8A6C5D7818}.Release|x64.Build.0 = Release|x64
		{5D8F5F3F-2714-4ABF-8763-5E8A6C5D7818}.Release|x86.ActiveCfg = Release|Win32
		{5D8F5F3F-2714-4ABF-8763-5E8A6C5D7818}.Release|x86.Build.0 = Release|Win32
		{5D8F5F3F-2714-4ABF-8763-5E8A6C5D7818}.Releasing|x64.ActiveCfg = Release|x64
		{5D8F5F3F-2714-4ABF-8763-5E8A6C5D7818}.Releasing|x64.Build.0 = Release|x64
		{5D8F5F3F-2714-4ABF-8763-5E8A6C5D7818}.Releasing|x86.ActiveCfg = Release|Win32
		{5D8F5F3F-2714-4ABF-8763-5E8A6C5D7818}.Releasing|x86.Build.0 = Release|Win32
		{5D8F5F3F-2714-4ABF-8763-5E8A6C5D7818}.RelWithDebInfo|x64.ActiveCfg = Release|x64
		{5D8F5F3F-2714-4ABF-8763-5E8A6C5D7818}.RelWithDebInfo|x64.Build.0 = Release|x64
		{5D8F5F3F-2714-4ABF-8763-5E8A6C5D7818}.RelWithDebInfo|x86.ActiveCfg = Release|Win32
		{5D8F5F3F-2714-4ABF-8763-5E8A6C5D7818}.RelWithDebInfo|x86.Build.0 = Release|Win32
		{EC311B7F-7B3B-41A7-82A1-EDD488C6B0DE}.Debug_from_release|x64.ActiveCfg = Debug|x64
		{EC311B7F-7B3B-41A7-82A1-EDD488C6B0DE}.Debug_from_release|x64.Build.0 = Debug|x64
		{EC311B7F-7B3B-41A7-82A1-EDD488C6B0DE}.Debug_from_release|x86.ActiveCfg = Debug|Win32
		{EC311B7F-7B3B-41A7-82A1-EDD488C6B0DE}.Debug_from_release|x86.Build.0 = Debug|Win32
		{EC311B7F-7B3B-41A7-82A1-EDD488C6B0DE}.Debug|x64.ActiveCfg = Debug|x64
		{EC311B7F-7B3B-41A7-82A1-EDD488C6B0DE}.Debug|x64.Build.0 = Debug|x64
		{EC311B7F-7B3B-41A7-82A1-EDD488C6B0DE}.Debug|x86.ActiveCfg = Debug|Win32
		{EC311B7F-7B3B-41A7-82A1-EDD488C6B0DE}.Debug|x86.Build.0 = Debug|Win32
		{EC311B7F-7B3B-41A7-82A1-EDD488C6B0DE}.Debuggable|x64.ActiveCfg = Debug|x64
		{EC311B7F-7B3B-41A7-82A1-EDD488C6B0DE}.Debuggable|x64.Build.0 = Debug|x64
		{EC311B7F-7B3B-41A7-82A1-EDD488C6B0DE}.Debuggable|x86.ActiveCfg = Debug|Win32
		{EC311B7F-7B3B-41A7-82A1-EDD488C6B0DE}.Debuggable|x86.Build.0 = Debug|Win32
		{EC311B7F-7B3B-41A7-82A1-EDD488C6B0DE}.MinSizeRel|x64.ActiveCfg = Release|x64
		{EC311B7F-7B3B-41A7-82A1-EDD488C6B0DE}.MinSizeRel|x64.Build.0 = Release|x64
		{EC311B7F-7B3B-41A7-82A1-EDD488C6B0DE}.MinSizeRel|x86.ActiveCfg = Release|Win32
		{EC311B7F-7B3B-41A7-82A1-EDD488C6B0DE}.MinSizeRel|x86.Build.0 = Release|Win32
		{EC311B7F-7B3B-41A7-82A1-EDD488C6B0DE}.release_to_debug|x64.ActiveCfg = Release|x64
		{EC311B7F-7B3B-41A7-82A1-EDD488C6B0DE}.release_to_debug|x64.Build.0 = Release|x64
		{EC311B7F-7B3B-41A7-82A1-EDD488C6B0DE}.release_to_debug|x86.ActiveCfg = Release|Win32
		{EC311B7F-7B3B-41A7-82A1-EDD488C6B0DE}.release_to_debug|x86.Build.0 = Release|Win32
		{EC311B7F-7B3B-41A7-82A1-EDD488C6B0DE}.Release|x64.ActiveCfg = Release|x64
		{EC311B7F-7B3B-41A7-82A1-EDD488C6B0DE}.Release|x64.Build.0 = Release|x64
		{EC311B7F-7B3B-41A7-82A1-EDD488C6B0DE}.Release|x86.ActiveCfg = Release|Win32
		{EC311B7F-7B3B-41A7-82A1-EDD488C6B0DE}.Release|x86.Build.0 = Release|Win32
		{EC311B7F-7B3B-41A7-82A1-EDD488C6B0DE}.Releasing|x64.ActiveCfg = Release|x64
		{EC311B7F-7B3B-41A7-82A1-EDD488C6B0DE}.Releasing|x64.Build.0 = Release|x64
		{EC311B7F-7B3B-41A7-82A1-EDD488C6B0DE}.Releasing|x86.ActiveCfg = Release|Win32
		{EC311B7F-7B3B-41A7-82A1-EDD488C6B0DE}.Releasing|x86.Build.0 = Release|Win32
		{EC311B7F-7B3B-41A7-82A1-EDD488C6B0DE}.RelWithDebInfo|x64.ActiveCfg = Release|x64
		{EC311B7F-7B3B-41A7-82A1-EDD488C6B0DE}.RelWithDebInfo|x64.Build.0 = Release|x64
		{EC311B7F-7B3B-41A7-82A1-EDD488C6B0DE}.RelWithDebInfo|x86.ActiveCfg = Release|Win32
		{EC311B7F-7B3B-41A7-82A1-EDD488C6B0DE}.RelWithDebInfo|x86.Build.0 = Release|Win32
		{EEDA2ED5-DD9D-4529-AAE9-003DCFEB3441}.Debug_from_release|x64.ActiveCfg = Debug|x64
		{EEDA2ED5-DD9D-4529-AAE9-003DCFEB3441}.Debug_from_release|x64.Build.0 = Debug|x64
		{EEDA2ED5-DD9D-4529-AAE9-003DCFEB3441}.Debug_from_release|x86.ActiveCfg = Debug|Win32
		{EEDA2ED5-DD9D-4529-AAE9-003DCFEB3441}.Debug_from_release|x86.Build.0 = Debug|Win32
		{EEDA2ED5-DD9D-4529-AAE9-003DCFEB3441}.Debug|x64.ActiveCfg = Debug|x64
		{EEDA2ED5-DD9D-4529-AAE9-003DCFEB3441}.Debug|x64.Build.0 = Debug|x64
		{EEDA2ED5-DD9D-4529-AAE9-003DCFEB3441}.Debug|x86.ActiveCfg = Debug|Win32
		{EEDA2ED5-DD9D-4529-AAE9-003DCFEB3441}.Debug|x86.Build.0 = Debug|Win32
		{EEDA2ED5-DD9D-4529-AAE9-003DCFEB3441}.Debuggable|x64.ActiveCfg = Debug|x64
		{EEDA2ED5-DD9D-4529-AAE9-003DCFEB3441}.Debuggable|x64.Build.0 = Debug|x64
		{EEDA2ED5-DD9D-4529-AAE9-003DCFEB3441}.Debuggable|x86.ActiveCfg = Debug|Win32
		{EEDA2ED5-DD9D-4529-AAE9-003DCFEB3441}.Debuggable|x86.Build.0 = Debug|Win32
		{EEDA2ED5-DD9D-4529-AAE9-003DCFEB3441}.MinSizeRel|x64.ActiveCfg = Release|x64
		{EEDA2ED5-DD9D-4529-AAE9-003DCFEB3441}.MinSizeRel|x64.Build.0 = Release|x64
		{EEDA2ED5-DD9D-4529-AAE9-003DCFEB3441}.MinSizeRel|x86.ActiveCfg = Release|Win32
		{EEDA2ED5-DD9D-4529-AAE9-003DCFEB3441}.MinSizeRel|x86.Build.0 = Release|Win32
		{EEDA2ED5-DD9D-4529-AAE9-003DCFEB3441}.release_to_debug|x64.ActiveCfg = Release|x64
		{EEDA2ED5-DD9D-4529-AAE9-003DCFEB3441}.release_to_debug|x64.Build.0 = Release|x64
		{EEDA2ED5-DD9D-4529-AAE9-003DCFEB3441}.release_to_debug|x86.ActiveCfg = Release|Win32
		{EEDA2ED5-DD9D-4529-AAE9-003DCFEB3441}.release_to_debug|x86.Build.0 = Release|Win32
		{EEDA2ED5-DD9D-4529-AAE9-003DCFEB3441}.Release|x64.ActiveCfg = Release|x64
		{EEDA2ED5-DD9D-4529-AAE9-003DCFEB3441}.Release|x64.Build.0 = Release|x64
		{EEDA2ED5-DD9D-4529-AAE9-003DCFEB3441}.Release|x86.ActiveCfg = Release|Win32
		{EEDA2ED5-DD9D-4529-AAE9-003DCFEB3441}.Release|x86.Build.0 = Release|Win32
		{EEDA2ED5-DD9D-4529-AAE9-003DCFEB3441}.Releasing|x64.ActiveCfg = Release|x64
		{EEDA2ED5-DD9D-4529-AAE9-003DCFEB3441}.Releasing|x64.Build.0 = Release|x64
		{EEDA2ED5-DD9D-4529-AAE9-003DCFEB3441}.Releasing|x86.ActiveCfg = Release|Win32
		{EEDA2ED5-DD9D-4529-AAE9-003DCFEB3441}.Releasing|x86.Build.0 = Release|Win32
		{EEDA2ED5-DD9D-4529-AAE9-003DCFEB3441}.RelWithDebInfo|x64.ActiveCfg = Release|x64
		{EEDA2ED5-DD9D-4529-AAE9-003DCFEB3441}.RelWithDebInfo|x64.Build.0 = Release|x64
		{EEDA2ED5-DD9D-4529-AAE9-003DCFEB3441}.RelWithDebInfo|x86.ActiveCfg = Release|Win32
		{EEDA2ED5-DD9D-4529-AAE9-003DCFEB3441}.RelWithDebInfo|x86.Build.0 = Release|Win32
		{7CE8442E-673E-4E04-8A3C-DD0E409601D2}.Debug_from_release|x64.ActiveCfg = Debug|x64
		{7CE8442E-673E-4E04-8A3C-DD0E409601D2}.Debug_from_release|x64.Build.0 = Debug|x64
		{7CE8442E-673E-4E04-8A3C-DD0E409601D2}.Debug_from_release|x86.ActiveCfg = Debug|Win32
		{7CE8442E-673E-4E04-8A3C-DD0E409601D2}.Debug_from_release|x86.Build.0 = Debug|Win32
		{7CE8442E-673E-4E04-8A3C-DD0E409601D2}.Debug|x64.ActiveCfg = Debug|x64
		{7CE8442E-673E-4E04-8A3C-DD0E409601D2}.Debug|x64.Build.0 = Debug|x64
		{7CE8442E-673E-4E04-8A3C-DD0E409601D2}.Debug|x86.ActiveCfg = Debug|Win32
		{7CE8442E-673E-4E04-8A3C-DD0E409601D2}.Debug|x86.Build.0 = Debug|Win32
		{7CE8442E-673E-4E04-8A3C-DD0E409601D2}.Debuggable|x64.ActiveCfg = Debug|x64
		{7CE8442E-673E-4E04-8A3C-DD0E409601D2}.Debuggable|x64.Build.0 = Debug|x64
		{7CE8442E-673E-4E04-8A3C-DD0E409601D2}.Debuggable|x86.ActiveCfg = Debug|Win32
		{7CE8442E-673E-4E04-8A3C-DD0E409601D2}.Debuggable|x86.Build.0 = Debug|Win32
		{7CE8442E-673E-4E04-8A3C-DD0E409601D2}.MinSizeRel|x64.ActiveCfg = Release|x64
		{7CE8442E-673E-4E04-8A3C-DD0E409601D2}.MinSizeRel|x64.Build.0 = Release|x64
		{7CE8442E-673E-4E04-8A3C-DD0E409601D2}.MinSizeRel|x86.ActiveCfg = Release|Win32
		{7CE8442E-673E-4E04-8A3C-DD0E409601D2}.MinSizeRel|x86.Build.0 = Release|Win32
		{7CE8442E-673E-4E04-8A3C-DD0E409601D2}.release_to_debug|x64.ActiveCfg = Release|x64
		{7CE8442E-673E-4E04-8A3C-DD0E409601D2}.release_to_debug|x64.Build.0 = Release|x64
		{7CE8442E-673E-4E04-8A3C-DD0E409601D2}.release_to_debug|x86.ActiveCfg = Release|Win32
		{7CE8442E-673E-4E04-8A3C-DD0E409601D2}.release_to_debug|x86.Build.0 = Release|Win32
		{7CE8442E-673E-4E04-8A3C-DD0E409601D2}.Release|x64.ActiveCfg = Release|x64
		{7CE8442E-673E-4E04-8A3C-DD0E409601D2}.Release|x64.Build.0 = Release|x64
		{7CE8442E-673E-4E04-8A3C-DD0E409601D2}.Release|x86.ActiveCfg = Release|Win32
		{7CE8442E-673E-4E04-8A3C-DD0E409601D2}.Release|x86.Build.0 = Release|Win32
		{7CE8442E-673E-4E04-8A3C-DD0E409601D2}.Releasing|x64.ActiveCfg = Release|x64
		{7CE8442E-673E-4E04-8A3C-DD0E409601D2}.Releasing|x64.Build.0 = Release|x64
		{7CE8442E-673E-4E04-8A3C-DD0E409601D2}.Releasing|x86.ActiveCfg = Release|Win32
		{7CE8442E-673E-4E04-8A3C-DD0E409601D2}.Releasing|x86.Build.0 = Release|Win32
		{7CE8442E-673E-4E04-8A3C-DD0E409601D2}.RelWithDebInfo|x64.ActiveCfg = Release|x64
		{7CE8442E-673E-4E04-8A3C-DD0E409601D2}.RelWithDebInfo|x64.Build.0 = Release|x64
		{7CE8442E-673E-4E04-8A3C-DD0E409601D2}.RelWithDebInfo|x86.ActiveCfg = Release|Win32
		{7CE8442E-673E-4E04-8A3C-DD0E409601D2}.RelWithDebInfo|x86.Build.0 = Release|Win32
		{4F0582EB-1AF8-4FF8-91E7-DD28452D3269}.Debug_from_release|x64.ActiveCfg = Debug|x64
		{4F0582EB-1AF8-4FF8-91E7-DD28452D3269}.Debug_from_release|x64.Build.0 = Debug|x64
		{4F0582EB-1AF8-4FF8-91E7-DD28452D3269}.Debug_from_release|x86.ActiveCfg = Debug|Win32
		{4F0582EB-1AF8-4FF8-91E7-DD28452D3269}.Debug_from_release|x86.Build.0 = Debug|Win32
		{4F0582EB-1AF8-4FF8-91E7-DD28452D3269}.Debug|x64.ActiveCfg = Debug|x64
		{4F0582EB-1AF8-4FF8-91E7-DD28452D3269}.Debug|x64.Build.0 = Debug|x64
		{4F0582EB-1AF8-4FF8-91E7-DD28452D3269}.Debug|x86.ActiveCfg = Debug|Win32
		{4F0582EB-1AF8-4FF8-91E7-DD28452D3269}.Debug|x86.Build.0 = Debug|Win32
		{4F0582EB-1AF8-4FF8-91E7-DD28452D3269}.Debuggable|x64.ActiveCfg = Debug|x64
		{4F0582EB-1AF8-4FF8-91E7-DD28452D3269}.Debuggable|x64.Build.0 = Debug|x64
		{4F0582EB-1AF8-4FF8-91E7-DD28452D3269}.Debuggable|x86.ActiveCfg = Debug|Win32
		{4F0582EB-1AF8-4FF8-91E7-DD28452D3269}.Debuggable|x86.Build.0 = Debug|Win32
		{4F0582EB-1AF8-4FF8-91E7-DD28452D3269}.MinSizeRel|x64.ActiveCfg = Release|x64
		{4F0582EB-1AF8-4FF8-91E7-DD28452D3269}.MinSizeRel|x64.Build.0 = Release|x64
		{4F0582EB-1AF8-4FF8-91E7-DD28452D3269}.MinSizeRel|x86.ActiveCfg = Release|Win32
		{4F0582EB-1AF8-4FF8-91E7-DD28452D3269}.MinSizeRel|x86.Build.0 = Release|Win32
		{4F0582EB-1AF8-4FF8-91E7-DD28452D3269}.release_to_debug|x64.ActiveCfg = Release|x64
		{4F0582EB-1AF8-4FF8-91E7-DD28452D3269}.release_to_debug|x64.Build.0 = Release|x64
		{4F0582EB-1AF8-4FF8-91E7-DD28452D3269}.release_to_debug|x86.ActiveCfg = Release|Win32
		{4F0582EB-1AF8-4FF8-91E7-DD28452D3269}.release_to_debug|x86.Build.0 = Release|Win32
		{4F0582EB-1AF8-4FF8-91E7-DD28452D3269}.Release|x64.ActiveCfg = Release|x64
		{4F0582EB-1AF8-4FF8-91E7-DD28452D3269}.Release|x64.Build.0 = Release|x64
		{4F0582EB-1AF8-4FF8-91E7-DD28452D3269}.Release|x86.ActiveCfg = Release|Win32
		{4F0582EB-1AF8-4FF8-91E7-DD28452D3269}.Release|x86.Build.0 = Release|Win32
		{4F0582EB-1AF8-4FF8-91E7-DD28452D3269}.Releasing|x64.ActiveCfg = Release|x64
		{4F0582EB-1AF8-4FF8-91E7-DD28452D3269}.Releasing|x64.Build.0 = Release|x64
		{4F0582EB-1AF8-4FF8-91E7-DD28452D3269}.Releasing|x86.ActiveCfg = Release|Win32
		{4F0582EB-1AF8-4FF8-91E7-DD28452D3269}.Releasing|x86.Build.0 = Release|Win32
		{4F0582EB-1AF8-4FF8-91E7-DD28452D3269}.RelWithDebInfo|x64.ActiveCfg = Release|x64
		{4F0582EB-1AF8-4FF8-91E7-DD28452D3269}.RelWithDebInfo|x64.Build.0 = Release|x64
		{4F0582EB-1AF8-4FF8-91E7-DD28452D3269}.RelWithDebInfo|x86.ActiveCfg = Release|Win32
		{4F0582EB-1AF8-4FF8-91E7-DD28452D3269}.RelWithDebInfo|x86.Build.0 = Release|Win32
		{5C72C4B4-C9BA-4085-B538-2DB99FE8E66C}.Debug_from_release|x64.ActiveCfg = Debug|x64
		{5C72C4B4-C9BA-4085-B538-2DB99FE8E66C}.Debug_from_release|x64.Build.0 = Debug|x64
		{5C72C4B4-C9BA-4085-B538-2DB99FE8E66C}.Debug_from_release|x86.ActiveCfg = Debug|Win32
		{5C72C4B4-C9BA-4085-B538-2DB99FE8E66C}.Debug_from_release|x86.Build.0 = Debug|Win32
		{5C72C4B4-C9BA-4085-B538-2DB99FE8E66C}.Debug|x64.ActiveCfg = Debug|x64
		{5C72C4B4-C9BA-4085-B538-2DB99FE8E66C}.Debug|x64.Build.0 = Debug|x64
		{5C72C4B4-C9BA-4085-B538-2DB99FE8E66C}.Debug|x86.ActiveCfg = Debug|Win32
		{5C72C4B4-C9BA-4085-B538-2DB99FE8E66C}.Debug|x86.Build.0 = Debug|Win32
		{5C72C4B4-C9BA-4085-B538-2DB99FE8E66C}.Debuggable|x64.ActiveCfg = Debug|x64
		{5C72C4B4-C9BA-4085-B538-2DB99FE8E66C}.Debuggable|x64.Build.0 = Debug|x64
		{5C72C4B4-C9BA-4085-B538-2DB99FE8E66C}.Debuggable|x86.ActiveCfg = Debug|Win32
		{5C72C4B4-C9BA-4085-B538-2DB99FE8E66C}.Debuggable|x86.Build.0 = Debug|Win32
		{5C72C4B4-C9BA-4085-B538-2DB99FE8E66C}.MinSizeRel|x64.ActiveCfg = Release|x64
		{5C72C4B4-C9BA-4085-B538-2DB99FE8E66C}.MinSizeRel|x64.Build.0 = Release|x64
		{5C72C4B4-C9BA-4085-B538-2DB99FE8E66C}.MinSizeRel|x86.ActiveCfg = Release|Win32
		{5C72C4B4-C9BA-4085-B538-2DB99FE8E66C}.MinSizeRel|x86.Build.0 = Release|Win32
		{5C72C4B4-C9BA-4085-B538-2DB99FE8E66C}.release_to_debug|x64.ActiveCfg = Release|x64
		{5C72C4B4-C9BA-4085-B538-2DB99FE8E66C}.release_to_debug|x64.Build.0 = Release|x64
		{5C72C4B4-C9BA-4085-B538-2DB99FE8E66C}.release_to_debug|x86.ActiveCfg = Release|Win32
		{5C72C4B4-C9BA-4085-B538-2DB99FE8E66C}.release_to_debug|x86.Build.0 = Release|Win32
		{5C72C4B4-C9BA-4085-B538-2DB99FE8E66C}.Release|x64.ActiveCfg = Release|x64
		{5C72C4B4-C9BA-4085-B538-2DB99FE8E66C}.Release|x64.Build.0 = Release|x64
		{5C72C4B4-C9BA-4085-B538-2DB99FE8E66C}.Release|x86.ActiveCfg = Release|Win32
		{5C72C4B4-C9BA-4085-B538-2DB99FE8E66C}.Release|x86.Build.0 = Release|Win32
		{5C72C4B4-C9BA-4085-B538-2DB99FE8E66C}.Releasing|x64.ActiveCfg = Release|x64
		{5C72C4B4-C9BA-4085-B538-2DB99FE8E66C}.Releasing|x64.Build.0 = Release|x64
		{5C72C4B4-C9BA-4085-B538-2DB99FE8E66C}.Releasing|x86.ActiveCfg = Release|Win32
		{5C72C4B4-C9BA-4085-B538-2DB99FE8E66C}.Releasing|x86.Build.0 = Release|Win32
		{5C72C4B4-C9BA-4085-B538-2DB99FE8E66C}.RelWithDebInfo|x64.ActiveCfg = Release|x64
		{5C72C4B4-C9BA-4085-B538-2DB99FE8E66C}.RelWithDebInfo|x64.Build.0 = Release|x64
		{5C72C4B4-C9BA-4085-B538-2DB99FE8E66C}.RelWithDebInfo|x86.ActiveCfg = Release|Win32
		{5C72C4B4-C9BA-4085-B538-2DB99FE8E66C}.RelWithDebInfo|x86.Build.0 = Release|Win32
		{77A5A6A4-8332-3852-9737-532C951365A7}.Debug_from_release|x64.ActiveCfg = Debug_from_release|x64
		{77A5A6A4-8332-3852-9737-532C951365A7}.Debug_from_release|x64.Build.0 = Debug_from_release|x64
		{77A5A6A4-8332-3852-9737-532C951365A7}.Debug_from_release|x86.ActiveCfg = Debug_from_release|Win32
		{77A5A6A4-8332-3852-9737-532C951365A7}.Debug_from_release|x86.Build.0 = Debug_from_release|Win32
		{77A5A6A4-8332-3852-9737-532C951365A7}.Debug|x64.ActiveCfg = Debug|x64
		{77A5A6A4-8332-3852-9737-532C951365A7}.Debug|x64.Build.0 = Debug|x64
		{77A5A6A4-8332-3852-9737-532C951365A7}.Debug|x86.ActiveCfg = Debug|Win32
		{77A5A6A4-8332-3852-9737-532C951365A7}.Debug|x86.Build.0 = Debug|Win32
		{77A5A6A4-8332-3852-9737-532C951365A7}.Debuggable|x64.ActiveCfg = Debuggable|x64
		{77A5A6A4-8332-3852-9737-532C951365A7}.Debuggable|x64.Build.0 = Debuggable|x64
		{77A5A6A4-8332-3852-9737-532C951365A7}.Debuggable|x86.ActiveCfg = Debuggable|Win32
		{77A5A6A4-8332-3852-9737-532C951365A7}.Debuggable|x86.Build.0 = Debuggable|Win32
		{77A5A6A4-8332-3852-9737-532C951365A7}.MinSizeRel|x64.ActiveCfg = release_to_debug|x64
		{77A5A6A4-8332-3852-9737-532C951365A7}.MinSizeRel|x64.Build.0 = release_to_debug|x64
		{77A5A6A4-8332-3852-9737-532C951365A7}.MinSizeRel|x86.ActiveCfg = Releasing|Win32
		{77A5A6A4-8332-3852-9737-532C951365A7}.MinSizeRel|x86.Build.0 = Releasing|Win32
		{77A5A6A4-8332-3852-9737-532C951365A7}.release_to_debug|x64.ActiveCfg = release_to_debug|x64
		{77A5A6A4-8332-3852-9737-532C951365A7}.release_to_debug|x64.Build.0 = release_to_debug|x64
		{77A5A6A4-8332-3852-9737-532C951365A7}.release_to_debug|x86.ActiveCfg = release_to_debug|Win32
		{77A5A6A4-8332-3852-9737-532C951365A7}.release_to_debug|x86.Build.0 = release_to_debug|Win32
		{77A5A6A4-8332-3852-9737-532C951365A7}.Release|x64.ActiveCfg = Release|x64
		{77A5A6A4-8332-3852-9737-532C951365A7}.Release|x64.Build.0 = Release|x64
		{77A5A6A4-8332-3852-9737-532C951365A7}.Release|x86.ActiveCfg = Release|Win32
		{77A5A6A4-8332-3852-9737-532C951365A7}.Release|x86.Build.0 = Release|Win32
		{77A5A6A4-8332-3852-9737-532C951365A7}.Releasing|x64.ActiveCfg = Releasing|x64
		{77A5A6A4-8332-3852-9737-532C951365A7}.Releasing|x64.Build.0 = Releasing|x64
		{77A5A6A4-8332-3852-9737-532C951365A7}.Releasing|x86.ActiveCfg = Releasing|Win32
		{77A5A6A4-8332-3852-9737-532C951365A7}.Releasing|x86.Build.0 = Releasing|Win32
		{77A5A6A4-8332-3852-9737-532C951365A7}.RelWithDebInfo|x64.ActiveCfg = release_to_debug|x64
		{77A5A6A4-8332-3852-9737-532C951365A7}.RelWithDebInfo|x64.Build.0 = release_to_debug|x64
		{77A5A6A4-8332-3852-9737-532C951365A7}.RelWithDebInfo|x86.ActiveCfg = Releasing|Win32
		{77A5A6A4-8332-3852-9737-532C951365A7}.RelWithDebInfo|x86.Build.0 = Releasing|Win32
		{C27B94B8-F1E2-4A0C-9B87-9808A3A21F29}.Debug_from_release|x64.ActiveCfg = Debug|x64
		{C27B94B8-F1E2-4A0C-9B87-9808A3A21F29}.Debug_from_release|x64.Build.0 = Debug|x64
		{C27B94B8-F1E2-4A0C-9B87-9808A3A21F29}.Debug_from_release|x86.ActiveCfg = Debug|Win32
		{C27B94B8-F1E2-4A0C-9B87-9808A3A21F29}.Debug_from_release|x86.Build.0 = Debug|Win32
		{C27B94B8-F1E2-4A0C-9B87-9808A3A21F29}.Debug|x64.ActiveCfg = Debug|x64
		{C27B94B8-F1E2-4A0C-9B87-9808A3A21F29}.Debug|x64.Build.0 = Debug|x64
		{C27B94B8-F1E2-4A0C-9B87-9808A3A21F29}.Debug|x86.ActiveCfg = Debug|Win32
		{C27B94B8-F1E2-4A0C-9B87-9808A3A21F29}.Debug|x86.Build.0 = Debug|Win32
		{C27B94B8-F1E2-4A0C-9B87-9808A3A21F29}.Debuggable|x64.ActiveCfg = Debug|x64
		{C27B94B8-F1E2-4A0C-9B87-9808A3A21F29}.Debuggable|x64.Build.0 = Debug|x64
		{C27B94B8-F1E2-4A0C-9B87-9808A3A21F29}.Debuggable|x86.ActiveCfg = Debug|Win32
		{C27B94B8-F1E2-4A0C-9B87-9808A3A21F29}.Debuggable|x86.Build.0 = Debug|Win32
		{C27B94B8-F1E2-4A0C-9B87-9808A3A21F29}.MinSizeRel|x64.ActiveCfg = Release|x64
		{C27B94B8-F1E2-4A0C-9B87-9808A3A21F29}.MinSizeRel|x64.Build.0 = Release|x64
		{C27B94B8-F1E2-4A0C-9B87-9808A3A21F29}.MinSizeRel|x86.ActiveCfg = Release|Win32
		{C27B94B8-F1E2-4A0C-9B87-9808A3A21F29}.MinSizeRel|x86.Build.0 = Release|Win32
		{C27B94B8-F1E2-4A0C-9B87-9808A3A21F29}.release_to_debug|x64.ActiveCfg = Release|x64
		{C27B94B8-F1E2-4A0C-9B87-9808A3A21F29}.release_to_debug|x64.Build.0 = Release|x64
		{C27B94B8-F1E2-4A0C-9B87-9808A3A21F29}.release_to_debug|x86.ActiveCfg = Release|Win32
		{C27B94B8-F1E2-4A0C-9B87-9808A3A21F29}.release_to_debug|x86.Build.0 = Release|Win32
		{C27B94B8-F1E2-4A0C-9B87-9808A3A21F29}.Release|x64.ActiveCfg = Release|x64
		{C27B94B8-F1E2-4A0C-9B87-9808A3A21F29}.Release|x64.Build.0 = Release|x64
		{C27B94B8-F1E2-4A0C-9B87-9808A3A21F29}.Release|x86.ActiveCfg = Release|Win32
		{C27B94B8-F1E2-4A0C-9B87-9808A3A21F29}.Release|x86.Build.0 = Release|Win32
		{C27B94B8-F1E2-4A0C-9B87-9808A3A21F29}.Releasing|x64.ActiveCfg = Release|x64
		{C27B94B8-F1E2-4A0C-9B87-9808A3A21F29}.Releasing|x64.Build.0 = Release|x64
		{C27B94B8-F1E2-4A0C-9B87-9808A3A21F29}.Releasing|x86.ActiveCfg = Release|Win32
		{C27B94B8-F1E2-4A0C-9B87-9808A3A21F29}.Releasing|x86.Build.0 = Release|Win32
		{C27B94B8-F1E2-4A0C-9B87-9808A3A21F29}.RelWithDebInfo|x64.ActiveCfg = Release|x64
		{C27B94B8-F1E2-4A0C-9B87-9808A3A21F29}.RelWithDebInfo|x64.Build.0 = Release|x64
		{C27B94B8-F1E2-4A0C-9B87-9808A3A21F29}.RelWithDebInfo|x86.ActiveCfg = Release|Win32
		{C27B94B8-F1E2-4A0C-9B87-9808A3A21F29}.RelWithDebInfo|x86.Build.0 = Release|Win32
		{1E3A98C0-4F83-4121-8479-0AB6C58311C1}.Debug_from_release|x64.ActiveCfg = Debug|x64
		{1E3A98C0-4F83-4121-8479-0AB6C58311C1}.Debug_from_release|x64.Build.0 = Debug|x64
		{1E3A98C0-4F83-4121-8479-0AB6C58311C1}.Debug_from_release|x86.ActiveCfg = Debug|Win32
		{1E3A98C0-4F83-4121-8479-0AB6C58311C1}.Debug_from_release|x86.Build.0 = Debug|Win32
		{1E3A98C0-4F83-4121-8479-0AB6C58311C1}.Debug|x64.ActiveCfg = Debug|x64
		{1E3A98C0-4F83-4121-8479-0AB6C58311C1}.Debug|x64.Build.0 = Debug|x64
		{1E3A98C0-4F83-4121-8479-0AB6C58311C1}.Debug|x86.ActiveCfg = Debug|Win32
		{1E3A98C0-4F83-4121-8479-0AB6C58311C1}.Debug|x86.Build.0 = Debug|Win32
		{1E3A98C0-4F83-4121-8479-0AB6C58311C1}.Debuggable|x64.ActiveCfg = Debug|x64
		{1E3A98C0-4F83-4121-8479-0AB6C58311C1}.Debuggable|x64.Build.0 = Debug|x64
		{1E3A98C0-4F83-4121-8479-0AB6C58311C1}.Debuggable|x86.ActiveCfg = Debug|Win32
		{1E3A98C0-4F83-4121-8479-0AB6C58311C1}.Debuggable|x86.Build.0 = Debug|Win32
		{1E3A98C0-4F83-4121-8479-0AB6C58311C1}.MinSizeRel|x64.ActiveCfg = Release|x64
		{1E3A98C0-4F83-4121-8479-0AB6C58311C1}.MinSizeRel|x64.Build.0 = Release|x64
		{1E3A98C0-4F83-4121-8479-0AB6C58311C1}.MinSizeRel|x86.ActiveCfg = Release|Win32
		{1E3A98C0-4F83-4121-8479-0AB6C58311C1}.MinSizeRel|x86.Build.0 = Release|Win32
		{1E3A98C0-4F83-4121-8479-0AB6C58311C1}.release_to_debug|x64.ActiveCfg = Release|x64
		{1E3A98C0-4F83-4121-8479-0AB6C58311C1}.release_to_debug|x64.Build.0 = Release|x64
		{1E3A98C0-4F83-4121-8479-0AB6C58311C1}.release_to_debug|x86.ActiveCfg = Release|Win32
		{1E3A98C0-4F83-4121-8479-0AB6C58311C1}.release_to_debug|x86.Build.0 = Release|Win32
		{1E3A98C0-4F83-4121-8479-0AB6C58311C1}.Release|x64.ActiveCfg = Release|x64
		{1E3A98C0-4F83-4121-8479-0AB6C58311C1}.Release|x64.Build.0 = Release|x64
		{1E3A98C0-4F83-4121-8479-0AB6C58311C1}.Release|x86.ActiveCfg = Release|Win32
		{1E3A98C0-4F83-4121-8479-0AB6C58311C1}.Release|x86.Build.0 = Release|Win32
		{1E3A98C0-4F83-4121-8479-0AB6C58311C1}.Releasing|x64.ActiveCfg = Release|x64
		{1E3A98C0-4F83-4121-8479-0AB6C58311C1}.Releasing|x64.Build.0 = Release|x64
		{1E3A98C0-4F83-4121-8479-0AB6C58311C1}.Releasing|x86.ActiveCfg = Release|Win32
		{1E3A98C0-4F83-4121-8479-0AB6C58311C1}.Releasing|x86.Build.0 = Release|Win32
		{1E3A98C0-4F83-4121-8479-0AB6C58311C1}.RelWithDebInfo|x64.ActiveCfg = Release|x64
		{1E3A98C0-4F83-4121-8479-0AB6C58311C1}.RelWithDebInfo|x64.Build.0 = Release|x64
		{1E3A98C0-4F83-4121-8479-0AB6C58311C1}.RelWithDebInfo|x86.ActiveCfg = Release|Win32
		{1E3A98C0-4F83-4121-8479-0AB6C58311C1}.RelWithDebInfo|x86.Build.0 = Release|Win32
	EndGlobalSection
	GlobalSection(SolutionProperties) = preSolution
		HideSolutionNode = FALSE
	EndGlobalSection
	GlobalSection(ExtensibilityGlobals) = postSolution
		SolutionGuid = {1D92423F-6B7A-449D-A8EA-3282BCD6F97F}
	EndGlobalSection
	GlobalSection(Performance) = preSolution
		HasPerformanceSessions = true
	EndGlobalSection
	GlobalSection(Performance) = preSolution
		HasPerformanceSessions = true
	EndGlobalSection
	GlobalSection(Performance) = preSolution
		HasPerformanceSessions = true
	EndGlobalSection
	GlobalSection(Performance) = preSolution
		HasPerformanceSessions = true
	EndGlobalSection
	GlobalSection(Performance) = preSolution
		HasPerformanceSessions = true
	EndGlobalSection
	GlobalSection(Performance) = preSolution
		HasPerformanceSessions = true
	EndGlobalSection
	GlobalSection(Performance) = preSolution
		HasPerformanceSessions = true
	EndGlobalSection
	GlobalSection(Performance) = preSolution
		HasPerformanceSessions = true
	EndGlobalSection
	GlobalSection(Performance) = preSolution
		HasPerformanceSessions = true
	EndGlobalSection
	GlobalSection(Performance) = preSolution
		HasPerformanceSessions = true
	EndGlobalSection
	GlobalSection(Performance) = preSolution
		HasPerformanceSessions = true
	EndGlobalSection
	GlobalSection(Performance) = preSolution
		HasPerformanceSessions = true
	EndGlobalSection
	GlobalSection(Performance) = preSolution
		HasPerformanceSessions = true
	EndGlobalSection
	GlobalSection(Performance) = preSolution
		HasPerformanceSessions = true
	EndGlobalSection
	GlobalSection(Performance) = preSolution
		HasPerformanceSessions = true
	EndGlobalSection
	GlobalSection(Performance) = preSolution
		HasPerformanceSessions = true
	EndGlobalSection
	GlobalSection(Performance) = preSolution
		HasPerformanceSessions = true
	EndGlobalSection
	GlobalSection(Performance) = preSolution
		HasPerformanceSessions = true
	EndGlobalSection
	GlobalSection(Performance) = preSolution
		HasPerformanceSessions = true
	EndGlobalSection
	GlobalSection(Performance) = preSolution
		HasPerformanceSessions = true
	EndGlobalSection
	GlobalSection(Performance) = preSolution
		HasPerformanceSessions = true
	EndGlobalSection
EndGlobal
