<?xml version="1.0" encoding="utf-8"?>
<Project ToolsVersion="4.0" xmlns="http://schemas.microsoft.com/developer/msbuild/2003">
  <ItemGroup>
    <ClCompile Include="..\src\Field2D.cpp">
      <Filter>Sources</Filter>
    </ClCompile>
    <ClCompile Include="..\src\Integrator.cpp">
      <Filter>Sources</Filter>
    </ClCompile>
    <ClCompile Include="..\src\SimTester.cpp">
      <Filter>Sources</Filter>
    </ClCompile>
    <ClCompile Include="..\src\streamline.cpp">
      <Filter>Sources</Filter>
    </ClCompile>
    <ClCompile Include="..\src\Seeding3D.cpp">
      <Filter>Sources</Filter>
    </ClCompile>
  </ItemGroup>
  <ItemGroup>
    <ClInclude Include="..\..\include\Seeding3D.h">
      <Filter>Headers</Filter>
    </ClInclude>
    <ClInclude Include="..\include\SimTester.h">
      <Filter>Headers</Filter>
    </ClInclude>
    <ClInclude Include="..\include\Integrator.h">
      <Filter>Headers</Filter>
    </ClInclude>
    <ClInclude Include="..\include\streamline.h">
      <Filter>Headers</Filter>
    </ClInclude>
    <ClInclude Include="..\..\include\Field2D.h">
      <Filter>Headers</Filter>
    </ClInclude>
  </ItemGroup>
  <ItemGroup>
    <Filter Include="Headers">
      <UniqueIdentifier>{63ef37cd-c9e2-49db-9ad8-716571737ebd}</UniqueIdentifier>
    </Filter>
    <Filter Include="Sources">
      <UniqueIdentifier>{f7c78eeb-2576-40bc-91ac-4862c606f628}</UniqueIdentifier>
    </Filter>
  </ItemGroup>
</Project>